
Microsoft Visual Studio Solution File, Format Version 12.00
# Visual Studio Version 17
VisualStudioVersion = 17.8.34330.188
MinimumVisualStudioVersion = 10.0.40219.1
Project("{FAE04EC0-301F-11D3-BF4B-00C04F79EFBC}") = "PlatformB", "PlatformB\PlatformB.csproj", "{CC24E28F-3DAF-4624-96A3-C57942E222B5}"
EndProject
Project("{FAE04EC0-301F-11D3-BF4B-00C04F79EFBC}") = "PlatformC", "PlatformC\PlatformC.csproj", "{54843E8C-CEBA-4890-81FF-7919176072C8}"
EndProject
Project("{9A19103F-16F7-4668-BE54-9A1E7A4F7556}") = "PlatformCore", "PlatformCore\PlatformCore.csproj", "{098ABA4C-22A8-4604-8AF1-FD0CBAA1D871}"
EndProject
Project("{FAE04EC0-301F-11D3-BF4B-00C04F79EFBC}") = "PlatformCoreTest", "PlatformCoreTest\PlatformCoreTest.csproj", "{EF2ABD25-C76A-4CBF-B724-D9ADFAB3AE98}"
EndProject
Global
	GlobalSection(SolutionConfigurationPlatforms) = preSolution
		Debug|Any CPU = Debug|Any CPU
		Release|Any CPU = Release|Any CPU
	EndGlobalSection
	GlobalSection(ProjectConfigurationPlatforms) = postSolution
		{CC24E28F-3DAF-4624-96A3-C57942E222B5}.Debug|Any CPU.ActiveCfg = Debug|Any CPU
		{CC24E28F-3DAF-4624-96A3-C57942E222B5}.Debug|Any CPU.Build.0 = Debug|Any CPU
		{CC24E28F-3DAF-4624-96A3-C57942E222B5}.Release|Any CPU.ActiveCfg = Release|Any CPU
		{CC24E28F-3DAF-4624-96A3-C57942E222B5}.Release|Any CPU.Build.0 = Release|Any CPU
		{54843E8C-CEBA-4890-81FF-7919176072C8}.Debug|Any CPU.ActiveCfg = Debug|Any CPU
		{54843E8C-CEBA-4890-81FF-7919176072C8}.Debug|Any CPU.Build.0 = Debug|Any CPU
		{54843E8C-CEBA-4890-81FF-7919176072C8}.Release|Any CPU.ActiveCfg = Release|Any CPU
		{54843E8C-CEBA-4890-81FF-7919176072C8}.Release|Any CPU.Build.0 = Release|Any CPU
		{098ABA4C-22A8-4604-8AF1-FD0CBAA1D871}.Debug|Any CPU.ActiveCfg = Debug|Any CPU
		{098ABA4C-22A8-4604-8AF1-FD0CBAA1D871}.Debug|Any CPU.Build.0 = Debug|Any CPU
		{098ABA4C-22A8-4604-8AF1-FD0CBAA1D871}.Release|Any CPU.ActiveCfg = Release|Any CPU
		{098ABA4C-22A8-4604-8AF1-FD0CBAA1D871}.Release|Any CPU.Build.0 = Release|Any CPU
		{EF2ABD25-C76A-4CBF-B724-D9ADFAB3AE98}.Debug|Any CPU.ActiveCfg = Debug|Any CPU
		{EF2ABD25-C76A-4CBF-B724-D9ADFAB3AE98}.Debug|Any CPU.Build.0 = Debug|Any CPU
		{EF2ABD25-C76A-4CBF-B724-D9ADFAB3AE98}.Release|Any CPU.ActiveCfg = Release|Any CPU
		{EF2ABD25-C76A-4CBF-B724-D9ADFAB3AE98}.Release|Any CPU.Build.0 = Release|Any CPU
	EndGlobalSection
	GlobalSection(SolutionProperties) = preSolution
		HideSolutionNode = FALSE
	EndGlobalSection
	GlobalSection(ExtensibilityGlobals) = postSolution
		SolutionGuid = {36CEA3FD-214D-4373-B1A7-01DEFF7125EA}
	EndGlobalSection
EndGlobal
